
Microsoft Visual Studio Solution File, Format Version 12.00
# Visual Studio Version 17
VisualStudioVersion = 17.4.33103.184
MinimumVisualStudioVersion = 10.0.40219.1
Project("{FAE04EC0-301F-11D3-BF4B-00C04F79EFBC}") = "SteelStack", "ExtendedPlatformWithHandrail\SteelStack.csproj", "{1716BB9A-CE0C-465D-B9F6-D451EE00F6D6}"
EndProject
Project("{FAE04EC0-301F-11D3-BF4B-00C04F79EFBC}") = "HelperLibrary", "HelperLibrary\HelperLibrary.csproj", "{0BF1AB30-EAFB-40E3-BBD2-332FD467219C}"
EndProject
Global
	GlobalSection(SolutionConfigurationPlatforms) = preSolution
		Debug|Any CPU = Debug|Any CPU
		Release|Any CPU = Release|Any CPU
	EndGlobalSection
	GlobalSection(ProjectConfigurationPlatforms) = postSolution
		{1716BB9A-CE0C-465D-B9F6-D451EE00F6D6}.Debug|Any CPU.ActiveCfg = Debug|Any CPU
		{1716BB9A-CE0C-465D-B9F6-D451EE00F6D6}.Debug|Any CPU.Build.0 = Debug|Any CPU
		{1716BB9A-CE0C-465D-B9F6-D451EE00F6D6}.Release|Any CPU.ActiveCfg = Release|Any CPU
		{1716BB9A-CE0C-465D-B9F6-D451EE00F6D6}.Release|Any CPU.Build.0 = Release|Any CPU
		{0BF1AB30-EAFB-40E3-BBD2-332FD467219C}.Debug|Any CPU.ActiveCfg = Debug|Any CPU
		{0BF1AB30-EAFB-40E3-BBD2-332FD467219C}.Debug|Any CPU.Build.0 = Debug|Any CPU
		{0BF1AB30-EAFB-40E3-BBD2-332FD467219C}.Release|Any CPU.ActiveCfg = Release|Any CPU
		{0BF1AB30-EAFB-40E3-BBD2-332FD467219C}.Release|Any CPU.Build.0 = Release|Any CPU
	EndGlobalSection
	GlobalSection(SolutionProperties) = preSolution
		HideSolutionNode = FALSE
	EndGlobalSection
	GlobalSection(ExtensibilityGlobals) = postSolution
		SolutionGuid = {61714BD9-4581-4042-8721-B10CBABFC3B1}
	EndGlobalSection
EndGlobal
